
Microsoft Visual Studio Solution File, Format Version 12.00
# Visual Studio 15
VisualStudioVersion = 15.0.27130.2027
MinimumVisualStudioVersion = 10.0.40219.1
Project("{FAE04EC0-301F-11D3-BF4B-00C04F79EFBC}") = "View", "View\View.csproj", "{9A7BBE95-4B17-4B20-B16E-4E3412D71543}"
EndProject
Project("{FAE04EC0-301F-11D3-BF4B-00C04F79EFBC}") = "Model", "Model\Model.csproj", "{7E03A8D7-15C1-4A80-B770-A157AA658936}"
EndProject
Project("{FAE04EC0-301F-11D3-BF4B-00C04F79EFBC}") = "ViewModel", "ViewModel\ViewModel.csproj", "{C4071369-1510-4745-824B-38A7F1E23F07}"
EndProject
Project("{FAE04EC0-301F-11D3-BF4B-00C04F79EFBC}") = "Cells", "Cells\Cells.csproj", "{16A8B7E5-8DF5-4C56-8590-C1F724B48B0C}"
EndProject
Global
	GlobalSection(SolutionConfigurationPlatforms) = preSolution
		Debug|Any CPU = Debug|Any CPU
		Debug|ARM = Debug|ARM
		Debug|x64 = Debug|x64
		Debug|x86 = Debug|x86
		Release|Any CPU = Release|Any CPU
		Release|ARM = Release|ARM
		Release|x64 = Release|x64
		Release|x86 = Release|x86
	EndGlobalSection
	GlobalSection(ProjectConfigurationPlatforms) = postSolution
		{9A7BBE95-4B17-4B20-B16E-4E3412D71543}.Debug|Any CPU.ActiveCfg = Debug|Any CPU
		{9A7BBE95-4B17-4B20-B16E-4E3412D71543}.Debug|Any CPU.Build.0 = Debug|Any CPU
		{9A7BBE95-4B17-4B20-B16E-4E3412D71543}.Debug|ARM.ActiveCfg = Debug|Any CPU
		{9A7BBE95-4B17-4B20-B16E-4E3412D71543}.Debug|ARM.Build.0 = Debug|Any CPU
		{9A7BBE95-4B17-4B20-B16E-4E3412D71543}.Debug|x64.ActiveCfg = Debug|Any CPU
		{9A7BBE95-4B17-4B20-B16E-4E3412D71543}.Debug|x64.Build.0 = Debug|Any CPU
		{9A7BBE95-4B17-4B20-B16E-4E3412D71543}.Debug|x86.ActiveCfg = Debug|Any CPU
		{9A7BBE95-4B17-4B20-B16E-4E3412D71543}.Debug|x86.Build.0 = Debug|Any CPU
		{9A7BBE95-4B17-4B20-B16E-4E3412D71543}.Release|Any CPU.ActiveCfg = Release|Any CPU
		{9A7BBE95-4B17-4B20-B16E-4E3412D71543}.Release|Any CPU.Build.0 = Release|Any CPU
		{9A7BBE95-4B17-4B20-B16E-4E3412D71543}.Release|ARM.ActiveCfg = Release|Any CPU
		{9A7BBE95-4B17-4B20-B16E-4E3412D71543}.Release|ARM.Build.0 = Release|Any CPU
		{9A7BBE95-4B17-4B20-B16E-4E3412D71543}.Release|x64.ActiveCfg = Release|Any CPU
		{9A7BBE95-4B17-4B20-B16E-4E3412D71543}.Release|x64.Build.0 = Release|Any CPU
		{9A7BBE95-4B17-4B20-B16E-4E3412D71543}.Release|x86.ActiveCfg = Release|Any CPU
		{9A7BBE95-4B17-4B20-B16E-4E3412D71543}.Release|x86.Build.0 = Release|Any CPU
		{7E03A8D7-15C1-4A80-B770-A157AA658936}.Debug|Any CPU.ActiveCfg = Debug|Any CPU
		{7E03A8D7-15C1-4A80-B770-A157AA658936}.Debug|Any CPU.Build.0 = Debug|Any CPU
		{7E03A8D7-15C1-4A80-B770-A157AA658936}.Debug|ARM.ActiveCfg = Debug|Any CPU
		{7E03A8D7-15C1-4A80-B770-A157AA658936}.Debug|ARM.Build.0 = Debug|Any CPU
		{7E03A8D7-15C1-4A80-B770-A157AA658936}.Debug|x64.ActiveCfg = Debug|Any CPU
		{7E03A8D7-15C1-4A80-B770-A157AA658936}.Debug|x64.Build.0 = Debug|Any CPU
		{7E03A8D7-15C1-4A80-B770-A157AA658936}.Debug|x86.ActiveCfg = Debug|Any CPU
		{7E03A8D7-15C1-4A80-B770-A157AA658936}.Debug|x86.Build.0 = Debug|Any CPU
		{7E03A8D7-15C1-4A80-B770-A157AA658936}.Release|Any CPU.ActiveCfg = Release|Any CPU
		{7E03A8D7-15C1-4A80-B770-A157AA658936}.Release|Any CPU.Build.0 = Release|Any CPU
		{7E03A8D7-15C1-4A80-B770-A157AA658936}.Release|ARM.ActiveCfg = Release|Any CPU
		{7E03A8D7-15C1-4A80-B770-A157AA658936}.Release|ARM.Build.0 = Release|Any CPU
		{7E03A8D7-15C1-4A80-B770-A157AA658936}.Release|x64.ActiveCfg = Release|Any CPU
		{7E03A8D7-15C1-4A80-B770-A157AA658936}.Release|x64.Build.0 = Release|Any CPU
		{7E03A8D7-15C1-4A80-B770-A157AA658936}.Release|x86.ActiveCfg = Release|Any CPU
		{7E03A8D7-15C1-4A80-B770-A157AA658936}.Release|x86.Build.0 = Release|Any CPU
		{C4071369-1510-4745-824B-38A7F1E23F07}.Debug|Any CPU.ActiveCfg = Debug|Any CPU
		{C4071369-1510-4745-824B-38A7F1E23F07}.Debug|Any CPU.Build.0 = Debug|Any CPU
		{C4071369-1510-4745-824B-38A7F1E23F07}.Debug|ARM.ActiveCfg = Debug|Any CPU
		{C4071369-1510-4745-824B-38A7F1E23F07}.Debug|ARM.Build.0 = Debug|Any CPU
		{C4071369-1510-4745-824B-38A7F1E23F07}.Debug|x64.ActiveCfg = Debug|Any CPU
		{C4071369-1510-4745-824B-38A7F1E23F07}.Debug|x64.Build.0 = Debug|Any CPU
		{C4071369-1510-4745-824B-38A7F1E23F07}.Debug|x86.ActiveCfg = Debug|Any CPU
		{C4071369-1510-4745-824B-38A7F1E23F07}.Debug|x86.Build.0 = Debug|Any CPU
		{C4071369-1510-4745-824B-38A7F1E23F07}.Release|Any CPU.ActiveCfg = Release|Any CPU
		{C4071369-1510-4745-824B-38A7F1E23F07}.Release|Any CPU.Build.0 = Release|Any CPU
		{C4071369-1510-4745-824B-38A7F1E23F07}.Release|ARM.ActiveCfg = Release|Any CPU
		{C4071369-1510-4745-824B-38A7F1E23F07}.Release|ARM.Build.0 = Release|Any CPU
		{C4071369-1510-4745-824B-38A7F1E23F07}.Release|x64.ActiveCfg = Release|Any CPU
		{C4071369-1510-4745-824B-38A7F1E23F07}.Release|x64.Build.0 = Release|Any CPU
		{C4071369-1510-4745-824B-38A7F1E23F07}.Release|x86.ActiveCfg = Release|Any CPU
		{C4071369-1510-4745-824B-38A7F1E23F07}.Release|x86.Build.0 = Release|Any CPU
		{16A8B7E5-8DF5-4C56-8590-C1F724B48B0C}.Debug|Any CPU.ActiveCfg = Debug|Any CPU
		{16A8B7E5-8DF5-4C56-8590-C1F724B48B0C}.Debug|Any CPU.Build.0 = Debug|Any CPU
		{16A8B7E5-8DF5-4C56-8590-C1F724B48B0C}.Debug|ARM.ActiveCfg = Debug|Any CPU
		{16A8B7E5-8DF5-4C56-8590-C1F724B48B0C}.Debug|ARM.Build.0 = Debug|Any CPU
		{16A8B7E5-8DF5-4C56-8590-C1F724B48B0C}.Debug|x64.ActiveCfg = Debug|Any CPU
		{16A8B7E5-8DF5-4C56-8590-C1F724B48B0C}.Debug|x64.Build.0 = Debug|Any CPU
		{16A8B7E5-8DF5-4C56-8590-C1F724B48B0C}.Debug|x86.ActiveCfg = Debug|Any CPU
		{16A8B7E5-8DF5-4C56-8590-C1F724B48B0C}.Debug|x86.Build.0 = Debug|Any CPU
		{16A8B7E5-8DF5-4C56-8590-C1F724B48B0C}.Release|Any CPU.ActiveCfg = Release|Any CPU
		{16A8B7E5-8DF5-4C56-8590-C1F724B48B0C}.Release|Any CPU.Build.0 = Release|Any CPU
		{16A8B7E5-8DF5-4C56-8590-C1F724B48B0C}.Release|ARM.ActiveCfg = Release|Any CPU
		{16A8B7E5-8DF5-4C56-8590-C1F724B48B0C}.Release|ARM.Build.0 = Release|Any CPU
		{16A8B7E5-8DF5-4C56-8590-C1F724B48B0C}.Release|x64.ActiveCfg = Release|Any CPU
		{16A8B7E5-8DF5-4C56-8590-C1F724B48B0C}.Release|x64.Build.0 = Release|Any CPU
		{16A8B7E5-8DF5-4C56-8590-C1F724B48B0C}.Release|x86.ActiveCfg = Release|Any CPU
		{16A8B7E5-8DF5-4C56-8590-C1F724B48B0C}.Release|x86.Build.0 = Release|Any CPU
	EndGlobalSection
	GlobalSection(SolutionProperties) = preSolution
		HideSolutionNode = FALSE
	EndGlobalSection
	GlobalSection(ExtensibilityGlobals) = postSolution
		SolutionGuid = {478F7FE9-8779-4E4A-B79E-DE2BE0681CAA}
	EndGlobalSection
EndGlobal
